{
  "name": "@levnekrasov/ajs2",
  "version": "1.0.0",
  "lockfileVersion": 3,
  "requires": true,
  "packages": {
    "": {
      "name": "@levnekrasov/ajs2",
      "version": "1.0.0",
      "license": "ISC",
      "dependencies": {
        "@levnekrasov/ajs": "^1.0.3"
      }
    },
    "node_modules/@levnekrasov/ajs": {
      "version": "1.0.3",
      "resolved": "https://npm.pkg.github.com/download/@levnekrasov/ajs/1.0.3/019c4d2b4529a92d68a3f5a4b6ae929aa385b287",
      "integrity": "sha512-sGJ073IV+hlHj/eB5+Naxe2gttvXxaWHvjhlcvSJjkUny4ewwpPlE1xDm5OphstF/NjwkAtpCPHc8ljbSSk7GQ==",
      "license": "ISC"
    }
  }
}
